// !$*UTF8*$!
{
	archiveVersion = 1;
	classes = {
	};
	objectVersion = 46;
	objects = {

/* Begin PBXBuildFile section */
		5B7E59B418C3BC6E0081BE3A /* Foundation.framework in Frameworks */ = {isa = PBXBuildFile; fileRef = 5B7E59B318C3BC6D0081BE3A /* Foundation.framework */; };
		5B7E59B618C3BC6E0081BE3A /* CoreGraphics.framework in Frameworks */ = {isa = PBXBuildFile; fileRef = 5B7E59B518C3BC6E0081BE3A /* CoreGraphics.framework */; };
		5B7E59B818C3BC6E0081BE3A /* UIKit.framework in Frameworks */ = {isa = PBXBuildFile; fileRef = 5B7E59B718C3BC6E0081BE3A /* UIKit.framework */; };
		5B7E59BE18C3BC6E0081BE3A /* InfoPlist.strings in Resources */ = {isa = PBXBuildFile; fileRef = 5B7E59BC18C3BC6E0081BE3A /* InfoPlist.strings */; };
		5B7E59C018C3BC6E0081BE3A /* main.m in Sources */ = {isa = PBXBuildFile; fileRef = 5B7E59BF18C3BC6E0081BE3A /* main.m */; };
		5B7E59C418C3BC6E0081BE3A /* AppDelegate.m in Sources */ = {isa = PBXBuildFile; fileRef = 5B7E59C318C3BC6E0081BE3A /* AppDelegate.m */; };
		5B7E59C718C3BC6E0081BE3A /* Main.storyboard in Resources */ = {isa = PBXBuildFile; fileRef = 5B7E59C518C3BC6E0081BE3A /* Main.storyboard */; };
		5B7E59CA18C3BC6E0081BE3A /* ViewController.m in Sources */ = {isa = PBXBuildFile; fileRef = 5B7E59C918C3BC6E0081BE3A /* ViewController.m */; };
		5B7E59CC18C3BC6E0081BE3A /* Images.xcassets in Resources */ = {isa = PBXBuildFile; fileRef = 5B7E59CB18C3BC6E0081BE3A /* Images.xcassets */; };
		5B7E59D318C3BC6E0081BE3A /* XCTest.framework in Frameworks */ = {isa = PBXBuildFile; fileRef = 5B7E59D218C3BC6E0081BE3A /* XCTest.framework */; };
		5B7E59D418C3BC6E0081BE3A /* Foundation.framework in Frameworks */ = {isa = PBXBuildFile; fileRef = 5B7E59B318C3BC6D0081BE3A /* Foundation.framework */; };
		5B7E59D518C3BC6E0081BE3A /* UIKit.framework in Frameworks */ = {isa = PBXBuildFile; fileRef = 5B7E59B718C3BC6E0081BE3A /* UIKit.framework */; };
		5B7E59DD18C3BC6E0081BE3A /* InfoPlist.strings in Resources */ = {isa = PBXBuildFile; fileRef = 5B7E59DB18C3BC6E0081BE3A /* InfoPlist.strings */; };
		5B7E59DF18C3BC6E0081BE3A /* KataBowlingTests.m in Sources */ = {isa = PBXBuildFile; fileRef = 5B7E59DE18C3BC6E0081BE3A /* KataBowlingTests.m */; };
/* End PBXBuildFile section */

/* Begin PBXContainerItemProxy section */
		5B7E59D618C3BC6E0081BE3A /* PBXContainerItemProxy */ = {
			isa = PBXContainerItemProxy;
			containerPortal = 5B7E59A818C3BC6D0081BE3A /* Project object */;
			proxyType = 1;
			remoteGlobalIDString = 5B7E59AF18C3BC6D0081BE3A;
			remoteInfo = KataBowling;
		};
/* End PBXContainerItemProxy section */

/* Begin PBXFileReference section */
		5B7E59B018C3BC6D0081BE3A /* KataBowling.app */ = {isa = PBXFileReference; explicitFileType = wrapper.application; includeInIndex = 0; path = KataBowling.app; sourceTree = BUILT_PRODUCTS_DIR; };
		5B7E59B318C3BC6D0081BE3A /* Foundation.framework */ = {isa = PBXFileReference; lastKnownFileType = wrapper.framework; name = Foundation.framework; path = System/Library/Frameworks/Foundation.framework; sourceTree = SDKROOT; };
		5B7E59B518C3BC6E0081BE3A /* CoreGraphics.framework */ = {isa = PBXFileReference; lastKnownFileType = wrapper.framework; name = CoreGraphics.framework; path = System/Library/Frameworks/CoreGraphics.framework; sourceTree = SDKROOT; };
		5B7E59B718C3BC6E0081BE3A /* UIKit.framework */ = {isa = PBXFileReference; lastKnownFileType = wrapper.framework; name = UIKit.framework; path = System/Library/Frameworks/UIKit.framework; sourceTree = SDKROOT; };
		5B7E59BB18C3BC6E0081BE3A /* KataBowling-Info.plist */ = {isa = PBXFileReference; lastKnownFileType = text.plist.xml; path = "KataBowling-Info.plist"; sourceTree = "<group>"; };
		5B7E59BD18C3BC6E0081BE3A /* en */ = {isa = PBXFileReference; lastKnownFileType = text.plist.strings; name = en; path = en.lproj/InfoPlist.strings; sourceTree = "<group>"; };
		5B7E59BF18C3BC6E0081BE3A /* main.m */ = {isa = PBXFileReference; lastKnownFileType = sourcecode.c.objc; path = main.m; sourceTree = "<group>"; };
		5B7E59C118C3BC6E0081BE3A /* KataBowling-Prefix.pch */ = {isa = PBXFileReference; lastKnownFileType = sourcecode.c.h; path = "KataBowling-Prefix.pch"; sourceTree = "<group>"; };
		5B7E59C218C3BC6E0081BE3A /* AppDelegate.h */ = {isa = PBXFileReference; lastKnownFileType = sourcecode.c.h; path = AppDelegate.h; sourceTree = "<group>"; };
		5B7E59C318C3BC6E0081BE3A /* AppDelegate.m */ = {isa = PBXFileReference; lastKnownFileType = sourcecode.c.objc; path = AppDelegate.m; sourceTree = "<group>"; };
		5B7E59C618C3BC6E0081BE3A /* Base */ = {isa = PBXFileReference; lastKnownFileType = file.storyboard; name = Base; path = Base.lproj/Main.storyboard; sourceTree = "<group>"; };
		5B7E59C818C3BC6E0081BE3A /* ViewController.h */ = {isa = PBXFileReference; lastKnownFileType = sourcecode.c.h; path = ViewController.h; sourceTree = "<group>"; };
		5B7E59C918C3BC6E0081BE3A /* ViewController.m */ = {isa = PBXFileReference; lastKnownFileType = sourcecode.c.objc; path = ViewController.m; sourceTree = "<group>"; };
		5B7E59CB18C3BC6E0081BE3A /* Images.xcassets */ = {isa = PBXFileReference; lastKnownFileType = folder.assetcatalog; path = Images.xcassets; sourceTree = "<group>"; };
		5B7E59D118C3BC6E0081BE3A /* KataBowlingTests.xctest */ = {isa = PBXFileReference; explicitFileType = wrapper.cfbundle; includeInIndex = 0; path = KataBowlingTests.xctest; sourceTree = BUILT_PRODUCTS_DIR; };
		5B7E59D218C3BC6E0081BE3A /* XCTest.framework */ = {isa = PBXFileReference; lastKnownFileType = wrapper.framework; name = XCTest.framework; path = Library/Frameworks/XCTest.framework; sourceTree = DEVELOPER_DIR; };
		5B7E59DA18C3BC6E0081BE3A /* KataBowlingTests-Info.plist */ = {isa = PBXFileReference; lastKnownFileType = text.plist.xml; path = "KataBowlingTests-Info.plist"; sourceTree = "<group>"; };
		5B7E59DC18C3BC6E0081BE3A /* en */ = {isa = PBXFileReference; lastKnownFileType = text.plist.strings; name = en; path = en.lproj/InfoPlist.strings; sourceTree = "<group>"; };
		5B7E59DE18C3BC6E0081BE3A /* KataBowlingTests.m */ = {isa = PBXFileReference; lastKnownFileType = sourcecode.c.objc; path = KataBowlingTests.m; sourceTree = "<group>"; };
/* End PBXFileReference section */

/* Begin PBXFrameworksBuildPhase section */
		5B7E59AD18C3BC6D0081BE3A /* Frameworks */ = {
			isa = PBXFrameworksBuildPhase;
			buildActionMask = 2147483647;
			files = (
				5B7E59B618C3BC6E0081BE3A /* CoreGraphics.framework in Frameworks */,
				5B7E59B818C3BC6E0081BE3A /* UIKit.framework in Frameworks */,
				5B7E59B418C3BC6E0081BE3A /* Foundation.framework in Frameworks */,
			);
			runOnlyForDeploymentPostprocessing = 0;
		};
		5B7E59CE18C3BC6E0081BE3A /* Frameworks */ = {
			isa = PBXFrameworksBuildPhase;
			buildActionMask = 2147483647;
			files = (
				5B7E59D318C3BC6E0081BE3A /* XCTest.framework in Frameworks */,
				5B7E59D518C3BC6E0081BE3A /* UIKit.framework in Frameworks */,
				5B7E59D418C3BC6E0081BE3A /* Foundation.framework in Frameworks */,
			);
			runOnlyForDeploymentPostprocessing = 0;
		};
/* End PBXFrameworksBuildPhase section */

/* Begin PBXGroup section */
		5B7E59A718C3BC6D0081BE3A = {
			isa = PBXGroup;
			children = (
				5B7E59B918C3BC6E0081BE3A /* KataBowling */,
				5B7E59D818C3BC6E0081BE3A /* KataBowlingTests */,
				5B7E59B218C3BC6D0081BE3A /* Frameworks */,
				5B7E59B118C3BC6D0081BE3A /* Products */,
			);
			sourceTree = "<group>";
		};
		5B7E59B118C3BC6D0081BE3A /* Products */ = {
			isa = PBXGroup;
			children = (
				5B7E59B018C3BC6D0081BE3A /* KataBowling.app */,
				5B7E59D118C3BC6E0081BE3A /* KataBowlingTests.xctest */,
			);
			name = Products;
			sourceTree = "<group>";
		};
		5B7E59B218C3BC6D0081BE3A /* Frameworks */ = {
			isa = PBXGroup;
			children = (
				5B7E59B318C3BC6D0081BE3A /* Foundation.framework */,
				5B7E59B518C3BC6E0081BE3A /* CoreGraphics.framework */,
				5B7E59B718C3BC6E0081BE3A /* UIKit.framework */,
				5B7E59D218C3BC6E0081BE3A /* XCTest.framework */,
			);
			name = Frameworks;
			sourceTree = "<group>";
		};
		5B7E59B918C3BC6E0081BE3A /* KataBowling */ = {
			isa = PBXGroup;
			children = (
				5B7E59C218C3BC6E0081BE3A /* AppDelegate.h */,
				5B7E59C318C3BC6E0081BE3A /* AppDelegate.m */,
				5B7E59C518C3BC6E0081BE3A /* Main.storyboard */,
				5B7E59C818C3BC6E0081BE3A /* ViewController.h */,
				5B7E59C918C3BC6E0081BE3A /* ViewController.m */,
				5B7E59CB18C3BC6E0081BE3A /* Images.xcassets */,
				5B7E59BA18C3BC6E0081BE3A /* Supporting Files */,
			);
			path = KataBowling;
			sourceTree = "<group>";
		};
		5B7E59BA18C3BC6E0081BE3A /* Supporting Files */ = {
			isa = PBXGroup;
			children = (
				5B7E59BB18C3BC6E0081BE3A /* KataBowling-Info.plist */,
				5B7E59BC18C3BC6E0081BE3A /* InfoPlist.strings */,
				5B7E59BF18C3BC6E0081BE3A /* main.m */,
				5B7E59C118C3BC6E0081BE3A /* KataBowling-Prefix.pch */,
			);
			name = "Supporting Files";
			sourceTree = "<group>";
		};
		5B7E59D818C3BC6E0081BE3A /* KataBowlingTests */ = {
			isa = PBXGroup;
			children = (
				5B7E59DE18C3BC6E0081BE3A /* KataBowlingTests.m */,
				5B7E59D918C3BC6E0081BE3A /* Supporting Files */,
			);
			path = KataBowlingTests;
			sourceTree = "<group>";
		};
		5B7E59D918C3BC6E0081BE3A /* Supporting Files */ = {
			isa = PBXGroup;
			children = (
				5B7E59DA18C3BC6E0081BE3A /* KataBowlingTests-Info.plist */,
				5B7E59DB18C3BC6E0081BE3A /* InfoPlist.strings */,
			);
			name = "Supporting Files";
			sourceTree = "<group>";
		};
/* End PBXGroup section */

/* Begin PBXNativeTarget section */
		5B7E59AF18C3BC6D0081BE3A /* KataBowling */ = {
			isa = PBXNativeTarget;
			buildConfigurationList = 5B7E59E218C3BC6E0081BE3A /* Build configuration list for PBXNativeTarget "KataBowling" */;
			buildPhases = (
				5B7E59AC18C3BC6D0081BE3A /* Sources */,
				5B7E59AD18C3BC6D0081BE3A /* Frameworks */,
				5B7E59AE18C3BC6D0081BE3A /* Resources */,
			);
			buildRules = (
			);
			dependencies = (
			);
			name = KataBowling;
			productName = KataBowling;
			productReference = 5B7E59B018C3BC6D0081BE3A /* KataBowling.app */;
			productType = "com.apple.product-type.application";
		};
		5B7E59D018C3BC6E0081BE3A /* KataBowlingTests */ = {
			isa = PBXNativeTarget;
			buildConfigurationList = 5B7E59E518C3BC6E0081BE3A /* Build configuration list for PBXNativeTarget "KataBowlingTests" */;
			buildPhases = (
				5B7E59CD18C3BC6E0081BE3A /* Sources */,
				5B7E59CE18C3BC6E0081BE3A /* Frameworks */,
				5B7E59CF18C3BC6E0081BE3A /* Resources */,
			);
			buildRules = (
			);
			dependencies = (
				5B7E59D718C3BC6E0081BE3A /* PBXTargetDependency */,
			);
			name = KataBowlingTests;
			productName = KataBowlingTests;
			productReference = 5B7E59D118C3BC6E0081BE3A /* KataBowlingTests.xctest */;
			productType = "com.apple.product-type.bundle.unit-test";
		};
/* End PBXNativeTarget section */

/* Begin PBXProject section */
		5B7E59A818C3BC6D0081BE3A /* Project object */ = {
			isa = PBXProject;
			attributes = {
				LastUpgradeCheck = 0500;
				ORGANIZATIONNAME = Fahied;
				TargetAttributes = {
					5B7E59D018C3BC6E0081BE3A = {
						TestTargetID = 5B7E59AF18C3BC6D0081BE3A;
					};
				};
			};
			buildConfigurationList = 5B7E59AB18C3BC6D0081BE3A /* Build configuration list for PBXProject "KataBowling" */;
			compatibilityVersion = "Xcode 3.2";
			developmentRegion = English;
			hasScannedForEncodings = 0;
			knownRegions = (
				en,
				Base,
			);
			mainGroup = 5B7E59A718C3BC6D0081BE3A;
			productRefGroup = 5B7E59B118C3BC6D0081BE3A /* Products */;
			projectDirPath = "";
			projectRoot = "";
			targets = (
				5B7E59AF18C3BC6D0081BE3A /* KataBowling */,
				5B7E59D018C3BC6E0081BE3A /* KataBowlingTests */,
			);
		};
/* End PBXProject section */

/* Begin PBXResourcesBuildPhase section */
		5B7E59AE18C3BC6D0081BE3A /* Resources */ = {
			isa = PBXResourcesBuildPhase;
			buildActionMask = 2147483647;
			files = (
				5B7E59CC18C3BC6E0081BE3A /* Images.xcassets in Resources */,
				5B7E59BE18C3BC6E0081BE3A /* InfoPlist.strings in Resources */,
				5B7E59C718C3BC6E0081BE3A /* Main.storyboard in Resources */,
			);
			runOnlyForDeploymentPostprocessing = 0;
		};
		5B7E59CF18C3BC6E0081BE3A /* Resources */ = {
			isa = PBXResourcesBuildPhase;
			buildActionMask = 2147483647;
			files = (
				5B7E59DD18C3BC6E0081BE3A /* InfoPlist.strings in Resources */,
			);
			runOnlyForDeploymentPostprocessing = 0;
		};
/* End PBXResourcesBuildPhase section */

/* Begin PBXSourcesBuildPhase section */
		5B7E59AC18C3BC6D0081BE3A /* Sources */ = {
			isa = PBXSourcesBuildPhase;
			buildActionMask = 2147483647;
			files = (
				5B7E59CA18C3BC6E0081BE3A /* ViewController.m in Sources */,
				5B7E59C418C3BC6E0081BE3A /* AppDelegate.m in Sources */,
				5B7E59C018C3BC6E0081BE3A /* main.m in Sources */,
			);
			runOnlyForDeploymentPostprocessing = 0;
		};
		5B7E59CD18C3BC6E0081BE3A /* Sources */ = {
			isa = PBXSourcesBuildPhase;
			buildActionMask = 2147483647;
			files = (
				5B7E59DF18C3BC6E0081BE3A /* KataBowlingTests.m in Sources */,
			);
			runOnlyForDeploymentPostprocessing = 0;
		};
/* End PBXSourcesBuildPhase section */

/* Begin PBXTargetDependency section */
		5B7E59D718C3BC6E0081BE3A /* PBXTargetDependency */ = {
			isa = PBXTargetDependency;
			target = 5B7E59AF18C3BC6D0081BE3A /* KataBowling */;
			targetProxy = 5B7E59D618C3BC6E0081BE3A /* PBXContainerItemProxy */;
		};
/* End PBXTargetDependency section */

/* Begin PBXVariantGroup section */
		5B7E59BC18C3BC6E0081BE3A /* InfoPlist.strings */ = {
			isa = PBXVariantGroup;
			children = (
				5B7E59BD18C3BC6E0081BE3A /* en */,
			);
			name = InfoPlist.strings;
			sourceTree = "<group>";
		};
		5B7E59C518C3BC6E0081BE3A /* Main.storyboard */ = {
			isa = PBXVariantGroup;
			children = (
				5B7E59C618C3BC6E0081BE3A /* Base */,
			);
			name = Main.storyboard;
			sourceTree = "<group>";
		};
		5B7E59DB18C3BC6E0081BE3A /* InfoPlist.strings */ = {
			isa = PBXVariantGroup;
			children = (
				5B7E59DC18C3BC6E0081BE3A /* en */,
			);
			name = InfoPlist.strings;
			sourceTree = "<group>";
		};
/* End PBXVariantGroup section */

/* Begin XCBuildConfiguration section */
		5B7E59E018C3BC6E0081BE3A /* Debug */ = {
			isa = XCBuildConfiguration;
			buildSettings = {
				ALWAYS_SEARCH_USER_PATHS = NO;
				ARCHS = "$(ARCHS_STANDARD_INCLUDING_64_BIT)";
				CLANG_CXX_LANGUAGE_STANDARD = "gnu++0x";
				CLANG_CXX_LIBRARY = "libc++";
				CLANG_ENABLE_MODULES = YES;
				CLANG_ENABLE_OBJC_ARC = YES;
				CLANG_WARN_BOOL_CONVERSION = YES;
				CLANG_WARN_CONSTANT_CONVERSION = YES;
				CLANG_WARN_DIRECT_OBJC_ISA_USAGE = YES_ERROR;
				CLANG_WARN_EMPTY_BODY = YES;
				CLANG_WARN_ENUM_CONVERSION = YES;
				CLANG_WARN_INT_CONVERSION = YES;
				CLANG_WARN_OBJC_ROOT_CLASS = YES_ERROR;
				CLANG_WARN__DUPLICATE_METHOD_MATCH = YES;
				"CODE_SIGN_IDENTITY[sdk=iphoneos*]" = "iPhone Developer";
				COPY_PHASE_STRIP = NO;
				GCC_C_LANGUAGE_STANDARD = gnu99;
				GCC_DYNAMIC_NO_PIC = NO;
				GCC_OPTIMIZATION_LEVEL = 0;
				GCC_PREPROCESSOR_DEFINITIONS = (
					"DEBUG=1",
					"$(inherited)",
				);
				GCC_SYMBOLS_PRIVATE_EXTERN = NO;
				GCC_WARN_64_TO_32_BIT_CONVERSION = YES;
				GCC_WARN_ABOUT_RETURN_TYPE = YES_ERROR;
				GCC_WARN_UNDECLARED_SELECTOR = YES;
				GCC_WARN_UNINITIALIZED_AUTOS = YES;
				GCC_WARN_UNUSED_FUNCTION = YES;
				GCC_WARN_UNUSED_VARIABLE = YES;
				IPHONEOS_DEPLOYMENT_TARGET = 7.0;
				ONLY_ACTIVE_ARCH = YES;
				SDKROOT = iphoneos;
			};
			name = Debug;
		};
		5B7E59E118C3BC6E0081BE3A /* Release */ = {
			isa = XCBuildConfiguration;
			buildSettings = {
				ALWAYS_SEARCH_USER_PATHS = NO;
				ARCHS = "$(ARCHS_STANDARD_INCLUDING_64_BIT)";
				CLANG_CXX_LANGUAGE_STANDARD = "gnu++0x";
				CLANG_CXX_LIBRARY = "libc++";
				CLANG_ENABLE_MODULES = YES;
				CLANG_ENABLE_OBJC_ARC = YES;
				CLANG_WARN_BOOL_CONVERSION = YES;
				CLANG_WARN_CONSTANT_CONVERSION = YES;
				CLANG_WARN_DIRECT_OBJC_ISA_USAGE = YES_ERROR;
				CLANG_WARN_EMPTY_BODY = YES;
				CLANG_WARN_ENUM_CONVERSION = YES;
				CLANG_WARN_INT_CONVERSION = YES;
				CLANG_WARN_OBJC_ROOT_CLASS = YES_ERROR;
				CLANG_WARN__DUPLICATE_METHOD_MATCH = YES;
				"CODE_SIGN_IDENTITY[sdk=iphoneos*]" = "iPhone Developer";
				COPY_PHASE_STRIP = YES;
				ENABLE_NS_ASSERTIONS = NO;
				GCC_C_LANGUAGE_STANDARD = gnu99;
				GCC_WARN_64_TO_32_BIT_CONVERSION = YES;
				GCC_WARN_ABOUT_RETURN_TYPE = YES_ERROR;
				GCC_WARN_UNDECLARED_SELECTOR = YES;
				GCC_WARN_UNINITIALIZED_AUTOS = YES;
				GCC_WARN_UNUSED_FUNCTION = YES;
				GCC_WARN_UNUSED_VARIABLE = YES;
				IPHONEOS_DEPLOYMENT_TARGET = 7.0;
				SDKROOT = iphoneos;
				VALIDATE_PRODUCT = YES;
			};
			name = Release;
		};
		5B7E59E318C3BC6E0081BE3A /* Debug */ = {
			isa = XCBuildConfiguration;
			buildSettings = {
				ASSETCATALOG_COMPILER_APPICON_NAME = AppIcon;
				ASSETCATALOG_COMPILER_LAUNCHIMAGE_NAME = LaunchImage;
				GCC_PRECOMPILE_PREFIX_HEADER = YES;
				GCC_PREFIX_HEADER = "KataBowling/KataBowling-Prefix.pch";
				INFOPLIST_FILE = "KataBowling/KataBowling-Info.plist";
				PRODUCT_NAME = "$(TARGET_NAME)";
				WRAPPER_EXTENSION = app;
			};
			name = Debug;
		};
		5B7E59E418C3BC6E0081BE3A /* Release */ = {
			isa = XCBuildConfiguration;
			buildSettings = {
				ASSETCATALOG_COMPILER_APPICON_NAME = AppIcon;
				ASSETCATALOG_COMPILER_LAUNCHIMAGE_NAME = LaunchImage;
				GCC_PRECOMPILE_PREFIX_HEADER = YES;
				GCC_PREFIX_HEADER = "KataBowling/KataBowling-Prefix.pch";
				INFOPLIST_FILE = "KataBowling/KataBowling-Info.plist";
				PRODUCT_NAME = "$(TARGET_NAME)";
				WRAPPER_EXTENSION = app;
			};
			name = Release;
		};
		5B7E59E618C3BC6E0081BE3A /* Debug */ = {
			isa = XCBuildConfiguration;
			buildSettings = {
				ARCHS = "$(ARCHS_STANDARD_INCLUDING_64_BIT)";
				BUNDLE_LOADER = "$(BUILT_PRODUCTS_DIR)/KataBowling.app/KataBowling";
				FRAMEWORK_SEARCH_PATHS = (
					"$(SDKROOT)/Developer/Library/Frameworks",
					"$(inherited)",
					"$(DEVELOPER_FRAMEWORKS_DIR)",
				);
				GCC_PRECOMPILE_PREFIX_HEADER = YES;
				GCC_PREFIX_HEADER = "KataBowling/KataBowling-Prefix.pch";
				GCC_PREPROCESSOR_DEFINITIONS = (
					"DEBUG=1",
					"$(inherited)",
				);
				INFOPLIST_FILE = "KataBowlingTests/KataBowlingTests-Info.plist";
				PRODUCT_NAME = "$(TARGET_NAME)";
				TEST_HOST = "$(BUNDLE_LOADER)";
				WRAPPER_EXTENSION = xctest;
			};
			name = Debug;
		};
		5B7E59E718C3BC6E0081BE3A /* Release */ = {
			isa = XCBuildConfiguration;
			buildSettings = {
				ARCHS = "$(ARCHS_STANDARD_INCLUDING_64_BIT)";
				BUNDLE_LOADER = "$(BUILT_PRODUCTS_DIR)/KataBowling.app/KataBowling";
				FRAMEWORK_SEARCH_PATHS = (
					"$(SDKROOT)/Developer/Library/Frameworks",
					"$(inherited)",
					"$(DEVELOPER_FRAMEWORKS_DIR)",
				);
				GCC_PRECOMPILE_PREFIX_HEADER = YES;
				GCC_PREFIX_HEADER = "KataBowling/KataBowling-Prefix.pch";
				INFOPLIST_FILE = "KataBowlingTests/KataBowlingTests-Info.plist";
				PRODUCT_NAME = "$(TARGET_NAME)";
				TEST_HOST = "$(BUNDLE_LOADER)";
				WRAPPER_EXTENSION = xctest;
			};
			name = Release;
		};
/* End XCBuildConfiguration section */

/* Begin XCConfigurationList section */
		5B7E59AB18C3BC6D0081BE3A /* Build configuration list for PBXProject "KataBowling" */ = {
			isa = XCConfigurationList;
			buildConfigurations = (
				5B7E59E018C3BC6E0081BE3A /* Debug */,
				5B7E59E118C3BC6E0081BE3A /* Release */,
			);
			defaultConfigurationIsVisible = 0;
			defaultConfigurationName = Release;
		};
		5B7E59E218C3BC6E0081BE3A /* Build configuration list for PBXNativeTarget "KataBowling" */ = {
			isa = XCConfigurationList;
			buildConfigurations = (
				5B7E59E318C3BC6E0081BE3A /* Debug */,
				5B7E59E418C3BC6E0081BE3A /* Release */,
			);
			defaultConfigurationIsVisible = 0;
		};
		5B7E59E518C3BC6E0081BE3A /* Build configuration list for PBXNativeTarget "KataBowlingTests" */ = {
			isa = XCConfigurationList;
			buildConfigurations = (
				5B7E59E618C3BC6E0081BE3A /* Debug */,
				5B7E59E718C3BC6E0081BE3A /* Release */,
			);
			defaultConfigurationIsVisible = 0;
		};
/* End XCConfigurationList section */
	};
	rootObject = 5B7E59A818C3BC6D0081BE3A /* Project object */;
}
